
Microsoft Visual Studio Solution File, Format Version 12.00
# Visual Studio Express 2013 for Web
VisualStudioVersion = 12.0.31101.0
MinimumVisualStudioVersion = 10.0.40219.1
Project("{2150E333-8FDC-42A3-9474-1A3956D46DE8}") = "0 - Presentation", "0 - Presentation", "{3794A883-857A-402D-B337-10D167BC252C}"
EndProject
Project("{2150E333-8FDC-42A3-9474-1A3956D46DE8}") = "1 - Services", "1 - Services", "{726A571A-32F9-483F-A3CF-DFDAAB389058}"
EndProject
Project("{2150E333-8FDC-42A3-9474-1A3956D46DE8}") = "2 - Application", "2 - Application", "{86D61014-FB83-40B3-A14A-2AD8BD43E665}"
EndProject
Project("{2150E333-8FDC-42A3-9474-1A3956D46DE8}") = "3 - Domain", "3 - Domain", "{4CC1C3A2-F642-4AC9-8E1C-EFEAF2E4782F}"
EndProject
Project("{2150E333-8FDC-42A3-9474-1A3956D46DE8}") = "4 - Infra", "4 - Infra", "{E47E6952-025F-401D-9B62-8FEEA06BF117}"
EndProject
Project("{2150E333-8FDC-42A3-9474-1A3956D46DE8}") = "4.1 - Data", "4.1 - Data", "{EA25C258-0E82-4981-A348-2C46BE6E7CE1}"
EndProject
Project("{2150E333-8FDC-42A3-9474-1A3956D46DE8}") = "4.2 - CrossCutting", "4.2 - CrossCutting", "{B54A4E12-33B9-46D0-AB05-AC6719FE79F9}"
EndProject
Project("{FAE04EC0-301F-11D3-BF4B-00C04F79EFBC}") = "IAPromocoes.Infra.Data", "IAPromocoes.Infra.Data\IAPromocoes.Infra.Data.csproj", "{A0596AEE-10B4-411E-864E-91C8E8991298}"
EndProject
Project("{FAE04EC0-301F-11D3-BF4B-00C04F79EFBC}") = "IAPromocoes.Infra.CrossCutting.Identity", "IAPromocoes.Infra.CrossCutting.Identity\IAPromocoes.Infra.CrossCutting.Identity.csproj", "{C1634722-52DC-4FB8-A712-61D8F8868B1E}"
EndProject
Project("{FAE04EC0-301F-11D3-BF4B-00C04F79EFBC}") = "IAPromocoes.Infra.CrossCutting.IoC", "IAPromocoes.Infra.CrossCutting.IoC\IAPromocoes.Infra.CrossCutting.IoC.csproj", "{021E090A-887D-444F-9928-2AE51FD15B54}"
EndProject
Project("{FAE04EC0-301F-11D3-BF4B-00C04F79EFBC}") = "IAPromocoes.Infra.CrossCutting.MvcFilters", "IAPromocoes.Infra.CrossCutting.MvcFilters\IAPromocoes.Infra.CrossCutting.MvcFilters.csproj", "{3E0E393F-3D73-4319-8415-B494703150D2}"
EndProject
Project("{FAE04EC0-301F-11D3-BF4B-00C04F79EFBC}") = "IAPromocoes.Domain", "IAPromocoes.Domain\IAPromocoes.Domain.csproj", "{5976BF9A-4E69-442B-86B4-2A60FC490534}"
EndProject
Project("{FAE04EC0-301F-11D3-BF4B-00C04F79EFBC}") = "IAPromocoes.Application", "IAPromocoes.Application\IAPromocoes.Application.csproj", "{D921366F-BA23-4C11-897C-7A616CEB3280}"
EndProject
Project("{FAE04EC0-301F-11D3-BF4B-00C04F79EFBC}") = "IAPromocoes.UI.MVC", "IAPromocoes.UI.MVC\IAPromocoes.UI.MVC.csproj", "{AA9A22B5-8F33-4FEB-8D4F-281A807450F4}"
EndProject
Project("{FAE04EC0-301F-11D3-BF4B-00C04F79EFBC}") = "IAPromocoes.UI.MVC.Adm", "IAPromocoes.UI.MVC.Adm\IAPromocoes.UI.MVC.Adm.csproj", "{B9A34365-14FD-4C73-84D6-82E835236428}"
EndProject
Project("{FAE04EC0-301F-11D3-BF4B-00C04F79EFBC}") = "IAPromocoes.Infra.CrossCutting.Identity.Adm", "IAPromocoes.Infra.CrossCutting.Identity.Adm\IAPromocoes.Infra.CrossCutting.Identity.Adm.csproj", "{7353CA77-76DC-40D5-938F-A4ED311C3A44}"
EndProject
Project("{2150E333-8FDC-42A3-9474-1A3956D46DE8}") = "5 - PagSeguro", "5 - PagSeguro", "{7257FB6D-1C1C-44CF-A812-CB456BED0140}"
EndProject
Project("{FAE04EC0-301F-11D3-BF4B-00C04F79EFBC}") = "Uol.PagSeguro", "Uol.PagSeguro\Uol.PagSeguro.csproj", "{BABC5658-6AFD-4F8E-81F1-434553663D99}"
EndProject
Global
	GlobalSection(SolutionConfigurationPlatforms) = preSolution
		Debug|Any CPU = Debug|Any CPU
		Release|Any CPU = Release|Any CPU
	EndGlobalSection
	GlobalSection(ProjectConfigurationPlatforms) = postSolution
		{A0596AEE-10B4-411E-864E-91C8E8991298}.Debug|Any CPU.ActiveCfg = Debug|Any CPU
		{A0596AEE-10B4-411E-864E-91C8E8991298}.Debug|Any CPU.Build.0 = Debug|Any CPU
		{A0596AEE-10B4-411E-864E-91C8E8991298}.Release|Any CPU.ActiveCfg = Release|Any CPU
		{A0596AEE-10B4-411E-864E-91C8E8991298}.Release|Any CPU.Build.0 = Release|Any CPU
		{C1634722-52DC-4FB8-A712-61D8F8868B1E}.Debug|Any CPU.ActiveCfg = Debug|Any CPU
		{C1634722-52DC-4FB8-A712-61D8F8868B1E}.Debug|Any CPU.Build.0 = Debug|Any CPU
		{C1634722-52DC-4FB8-A712-61D8F8868B1E}.Release|Any CPU.ActiveCfg = Release|Any CPU
		{C1634722-52DC-4FB8-A712-61D8F8868B1E}.Release|Any CPU.Build.0 = Release|Any CPU
		{021E090A-887D-444F-9928-2AE51FD15B54}.Debug|Any CPU.ActiveCfg = Debug|Any CPU
		{021E090A-887D-444F-9928-2AE51FD15B54}.Debug|Any CPU.Build.0 = Debug|Any CPU
		{021E090A-887D-444F-9928-2AE51FD15B54}.Release|Any CPU.ActiveCfg = Release|Any CPU
		{021E090A-887D-444F-9928-2AE51FD15B54}.Release|Any CPU.Build.0 = Release|Any CPU
		{3E0E393F-3D73-4319-8415-B494703150D2}.Debug|Any CPU.ActiveCfg = Debug|Any CPU
		{3E0E393F-3D73-4319-8415-B494703150D2}.Debug|Any CPU.Build.0 = Debug|Any CPU
		{3E0E393F-3D73-4319-8415-B494703150D2}.Release|Any CPU.ActiveCfg = Release|Any CPU
		{3E0E393F-3D73-4319-8415-B494703150D2}.Release|Any CPU.Build.0 = Release|Any CPU
		{5976BF9A-4E69-442B-86B4-2A60FC490534}.Debug|Any CPU.ActiveCfg = Debug|Any CPU
		{5976BF9A-4E69-442B-86B4-2A60FC490534}.Debug|Any CPU.Build.0 = Debug|Any CPU
		{5976BF9A-4E69-442B-86B4-2A60FC490534}.Release|Any CPU.ActiveCfg = Release|Any CPU
		{5976BF9A-4E69-442B-86B4-2A60FC490534}.Release|Any CPU.Build.0 = Release|Any CPU
		{D921366F-BA23-4C11-897C-7A616CEB3280}.Debug|Any CPU.ActiveCfg = Debug|Any CPU
		{D921366F-BA23-4C11-897C-7A616CEB3280}.Debug|Any CPU.Build.0 = Debug|Any CPU
		{D921366F-BA23-4C11-897C-7A616CEB3280}.Release|Any CPU.ActiveCfg = Release|Any CPU
		{D921366F-BA23-4C11-897C-7A616CEB3280}.Release|Any CPU.Build.0 = Release|Any CPU
		{AA9A22B5-8F33-4FEB-8D4F-281A807450F4}.Debug|Any CPU.ActiveCfg = Debug|Any CPU
		{AA9A22B5-8F33-4FEB-8D4F-281A807450F4}.Debug|Any CPU.Build.0 = Debug|Any CPU
		{AA9A22B5-8F33-4FEB-8D4F-281A807450F4}.Release|Any CPU.ActiveCfg = Release|Any CPU
		{AA9A22B5-8F33-4FEB-8D4F-281A807450F4}.Release|Any CPU.Build.0 = Release|Any CPU
		{B9A34365-14FD-4C73-84D6-82E835236428}.Debug|Any CPU.ActiveCfg = Debug|Any CPU
		{B9A34365-14FD-4C73-84D6-82E835236428}.Debug|Any CPU.Build.0 = Debug|Any CPU
		{B9A34365-14FD-4C73-84D6-82E835236428}.Release|Any CPU.ActiveCfg = Release|Any CPU
		{B9A34365-14FD-4C73-84D6-82E835236428}.Release|Any CPU.Build.0 = Release|Any CPU
		{7353CA77-76DC-40D5-938F-A4ED311C3A44}.Debug|Any CPU.ActiveCfg = Debug|Any CPU
		{7353CA77-76DC-40D5-938F-A4ED311C3A44}.Debug|Any CPU.Build.0 = Debug|Any CPU
		{7353CA77-76DC-40D5-938F-A4ED311C3A44}.Release|Any CPU.ActiveCfg = Release|Any CPU
		{7353CA77-76DC-40D5-938F-A4ED311C3A44}.Release|Any CPU.Build.0 = Release|Any CPU
		{BABC5658-6AFD-4F8E-81F1-434553663D99}.Debug|Any CPU.ActiveCfg = Debug|Any CPU
		{BABC5658-6AFD-4F8E-81F1-434553663D99}.Debug|Any CPU.Build.0 = Debug|Any CPU
		{BABC5658-6AFD-4F8E-81F1-434553663D99}.Release|Any CPU.ActiveCfg = Release|Any CPU
		{BABC5658-6AFD-4F8E-81F1-434553663D99}.Release|Any CPU.Build.0 = Release|Any CPU
	EndGlobalSection
	GlobalSection(SolutionProperties) = preSolution
		HideSolutionNode = FALSE
	EndGlobalSection
	GlobalSection(NestedProjects) = preSolution
		{EA25C258-0E82-4981-A348-2C46BE6E7CE1} = {E47E6952-025F-401D-9B62-8FEEA06BF117}
		{B54A4E12-33B9-46D0-AB05-AC6719FE79F9} = {E47E6952-025F-401D-9B62-8FEEA06BF117}
		{A0596AEE-10B4-411E-864E-91C8E8991298} = {EA25C258-0E82-4981-A348-2C46BE6E7CE1}
		{C1634722-52DC-4FB8-A712-61D8F8868B1E} = {B54A4E12-33B9-46D0-AB05-AC6719FE79F9}
		{021E090A-887D-444F-9928-2AE51FD15B54} = {B54A4E12-33B9-46D0-AB05-AC6719FE79F9}
		{3E0E393F-3D73-4319-8415-B494703150D2} = {B54A4E12-33B9-46D0-AB05-AC6719FE79F9}
		{5976BF9A-4E69-442B-86B4-2A60FC490534} = {4CC1C3A2-F642-4AC9-8E1C-EFEAF2E4782F}
		{D921366F-BA23-4C11-897C-7A616CEB3280} = {86D61014-FB83-40B3-A14A-2AD8BD43E665}
		{AA9A22B5-8F33-4FEB-8D4F-281A807450F4} = {3794A883-857A-402D-B337-10D167BC252C}
		{B9A34365-14FD-4C73-84D6-82E835236428} = {3794A883-857A-402D-B337-10D167BC252C}
		{7353CA77-76DC-40D5-938F-A4ED311C3A44} = {B54A4E12-33B9-46D0-AB05-AC6719FE79F9}
		{BABC5658-6AFD-4F8E-81F1-434553663D99} = {7257FB6D-1C1C-44CF-A812-CB456BED0140}
	EndGlobalSection
EndGlobal
